{
  "name": "@dlzz/agent-bridge",
  "version": "0.1.4",
  "lockfileVersion": 3,
  "requires": true,
  "packages": {
    "": {
      "name": "@dlzz/agent-bridge",
      "version": "0.1.4",
      "license": "MIT",
      "bin": {
        "ngf-agent-bridge": "src/desktop-launcher.js"
      },
      "engines": {
        "node": ">=18"
      }
    }
  }
}
